// !$*UTF8*$!
{
	archiveVersion = 1;
	classes = {
	};
	objectVersion = 51;
	objects = {

/* Begin PBXBuildFile section */
		4D9D5C2D30BB0556B9A86484 /* Pods_MVVM_MoviesApp.framework in Frameworks */ = {isa = PBXBuildFile; fileRef = 031441A66CAE030CF5AF2F73 /* Pods_MVVM_MoviesApp.framework */; };
		CD804B9324F85337008E37C1 /* AppDelegate.swift in Sources */ = {isa = PBXBuildFile; fileRef = CD804B9224F85337008E37C1 /* AppDelegate.swift */; };
		CD804B9524F85337008E37C1 /* SceneDelegate.swift in Sources */ = {isa = PBXBuildFile; fileRef = CD804B9424F85337008E37C1 /* SceneDelegate.swift */; };
		CD804B9C24F85339008E37C1 /* Assets.xcassets in Resources */ = {isa = PBXBuildFile; fileRef = CD804B9B24F85339008E37C1 /* Assets.xcassets */; };
		CD804B9F24F85339008E37C1 /* LaunchScreen.storyboard in Resources */ = {isa = PBXBuildFile; fileRef = CD804B9D24F85339008E37C1 /* LaunchScreen.storyboard */; };
		CD804BAA24F85339008E37C1 /* MVVM_MoviesAppUITests.swift in Sources */ = {isa = PBXBuildFile; fileRef = CD804BA924F85339008E37C1 /* MVVM_MoviesAppUITests.swift */; };
		CD804BB824F8540C008E37C1 /* HomeView.swift in Sources */ = {isa = PBXBuildFile; fileRef = CD804BB624F8540C008E37C1 /* HomeView.swift */; };
		CD804BB924F8540C008E37C1 /* HomeView.xib in Resources */ = {isa = PBXBuildFile; fileRef = CD804BB724F8540C008E37C1 /* HomeView.xib */; };
		CD804BBC24F85470008E37C1 /* HomeRouter.swift in Sources */ = {isa = PBXBuildFile; fileRef = CD804BBB24F85470008E37C1 /* HomeRouter.swift */; };
		CD804BC124F8577D008E37C1 /* HomeViewModel.swift in Sources */ = {isa = PBXBuildFile; fileRef = CD804BC024F8577D008E37C1 /* HomeViewModel.swift */; };
		CD804BC424F86A9C008E37C1 /* Constant.swift in Sources */ = {isa = PBXBuildFile; fileRef = CD804BC324F86A9C008E37C1 /* Constant.swift */; };
		D56B17B9C5F79B17967562D5 /* Pods_MVVM_MoviesApp_MVVM_MoviesAppUITests.framework in Frameworks */ = {isa = PBXBuildFile; fileRef = FE26A05BDBE3CAF9495820FC /* Pods_MVVM_MoviesApp_MVVM_MoviesAppUITests.framework */; };
		E430ADAA24FB04570061787E /* UIImage+imageFromService.swift in Sources */ = {isa = PBXBuildFile; fileRef = E430ADA924FB04570061787E /* UIImage+imageFromService.swift */; };
		E45FB94924F95CC3008CCE61 /* Storyboard+extension.swift in Sources */ = {isa = PBXBuildFile; fileRef = E45FB94824F95CC3008CCE61 /* Storyboard+extension.swift */; };
		E45FB94C24F9860B008CCE61 /* HomeCustomCell.swift in Sources */ = {isa = PBXBuildFile; fileRef = E45FB94A24F9860B008CCE61 /* HomeCustomCell.swift */; };
		E45FB94D24F9860B008CCE61 /* HomeCustomCell.xib in Resources */ = {isa = PBXBuildFile; fileRef = E45FB94B24F9860B008CCE61 /* HomeCustomCell.xib */; };
		E4E34BD524F8A21B00ED251D /* ManagerConnnection.swift in Sources */ = {isa = PBXBuildFile; fileRef = E4E34BD424F8A21B00ED251D /* ManagerConnnection.swift */; };
		E4E34BD724F8A2DA00ED251D /* Movies.swift in Sources */ = {isa = PBXBuildFile; fileRef = E4E34BD624F8A2D900ED251D /* Movies.swift */; };
/* End PBXBuildFile section */

/* Begin PBXContainerItemProxy section */
		CD804BA624F85339008E37C1 /* PBXContainerItemProxy */ = {
			isa = PBXContainerItemProxy;
			containerPortal = CD804B8724F85337008E37C1 /* Project object */;
			proxyType = 1;
			remoteGlobalIDString = CD804B8E24F85337008E37C1;
			remoteInfo = "MVVM-MoviesApp";
		};
/* End PBXContainerItemProxy section */

/* Begin PBXFileReference section */
		00FC0418974C87FFF6D54CF9 /* Pods-MVVM-MoviesApp-MVVM-MoviesAppUITests.debug.xcconfig */ = {isa = PBXFileReference; includeInIndex = 1; lastKnownFileType = text.xcconfig; name = "Pods-MVVM-MoviesApp-MVVM-MoviesAppUITests.debug.xcconfig"; path = "Target Support Files/Pods-MVVM-MoviesApp-MVVM-MoviesAppUITests/Pods-MVVM-MoviesApp-MVVM-MoviesAppUITests.debug.xcconfig"; sourceTree = "<group>"; };
		031441A66CAE030CF5AF2F73 /* Pods_MVVM_MoviesApp.framework */ = {isa = PBXFileReference; explicitFileType = wrapper.framework; includeInIndex = 0; path = Pods_MVVM_MoviesApp.framework; sourceTree = BUILT_PRODUCTS_DIR; };
		7DD972964C339AD97677F2D2 /* Pods-MVVM-MoviesApp-MVVM-MoviesAppUITests.release.xcconfig */ = {isa = PBXFileReference; includeInIndex = 1; lastKnownFileType = text.xcconfig; name = "Pods-MVVM-MoviesApp-MVVM-MoviesAppUITests.release.xcconfig"; path = "Target Support Files/Pods-MVVM-MoviesApp-MVVM-MoviesAppUITests/Pods-MVVM-MoviesApp-MVVM-MoviesAppUITests.release.xcconfig"; sourceTree = "<group>"; };
		AEAC87961E4F912A2A01A676 /* Pods-MVVM-MoviesApp.release.xcconfig */ = {isa = PBXFileReference; includeInIndex = 1; lastKnownFileType = text.xcconfig; name = "Pods-MVVM-MoviesApp.release.xcconfig"; path = "Target Support Files/Pods-MVVM-MoviesApp/Pods-MVVM-MoviesApp.release.xcconfig"; sourceTree = "<group>"; };
		C256F4CB5280E44B3DD0DF9C /* Pods-MVVM-MoviesApp.debug.xcconfig */ = {isa = PBXFileReference; includeInIndex = 1; lastKnownFileType = text.xcconfig; name = "Pods-MVVM-MoviesApp.debug.xcconfig"; path = "Target Support Files/Pods-MVVM-MoviesApp/Pods-MVVM-MoviesApp.debug.xcconfig"; sourceTree = "<group>"; };
		CD804B8F24F85337008E37C1 /* MVVM-MoviesApp.app */ = {isa = PBXFileReference; explicitFileType = wrapper.application; includeInIndex = 0; path = "MVVM-MoviesApp.app"; sourceTree = BUILT_PRODUCTS_DIR; };
		CD804B9224F85337008E37C1 /* AppDelegate.swift */ = {isa = PBXFileReference; lastKnownFileType = sourcecode.swift; path = AppDelegate.swift; sourceTree = "<group>"; };
		CD804B9424F85337008E37C1 /* SceneDelegate.swift */ = {isa = PBXFileReference; lastKnownFileType = sourcecode.swift; path = SceneDelegate.swift; sourceTree = "<group>"; };
		CD804B9B24F85339008E37C1 /* Assets.xcassets */ = {isa = PBXFileReference; lastKnownFileType = folder.assetcatalog; path = Assets.xcassets; sourceTree = "<group>"; };
		CD804B9E24F85339008E37C1 /* Base */ = {isa = PBXFileReference; lastKnownFileType = file.storyboard; name = Base; path = Base.lproj/LaunchScreen.storyboard; sourceTree = "<group>"; };
		CD804BA024F85339008E37C1 /* Info.plist */ = {isa = PBXFileReference; lastKnownFileType = text.plist.xml; path = Info.plist; sourceTree = "<group>"; };
		CD804BA524F85339008E37C1 /* MVVM-MoviesAppUITests.xctest */ = {isa = PBXFileReference; explicitFileType = wrapper.cfbundle; includeInIndex = 0; path = "MVVM-MoviesAppUITests.xctest"; sourceTree = BUILT_PRODUCTS_DIR; };
		CD804BA924F85339008E37C1 /* MVVM_MoviesAppUITests.swift */ = {isa = PBXFileReference; lastKnownFileType = sourcecode.swift; path = MVVM_MoviesAppUITests.swift; sourceTree = "<group>"; };
		CD804BAB24F85339008E37C1 /* Info.plist */ = {isa = PBXFileReference; lastKnownFileType = text.plist.xml; path = Info.plist; sourceTree = "<group>"; };
		CD804BB624F8540C008E37C1 /* HomeView.swift */ = {isa = PBXFileReference; lastKnownFileType = sourcecode.swift; path = HomeView.swift; sourceTree = "<group>"; };
		CD804BB724F8540C008E37C1 /* HomeView.xib */ = {isa = PBXFileReference; lastKnownFileType = file.xib; path = HomeView.xib; sourceTree = "<group>"; };
		CD804BBB24F85470008E37C1 /* HomeRouter.swift */ = {isa = PBXFileReference; lastKnownFileType = sourcecode.swift; path = HomeRouter.swift; sourceTree = "<group>"; };
		CD804BC024F8577D008E37C1 /* HomeViewModel.swift */ = {isa = PBXFileReference; lastKnownFileType = sourcecode.swift; path = HomeViewModel.swift; sourceTree = "<group>"; };
		CD804BC324F86A9C008E37C1 /* Constant.swift */ = {isa = PBXFileReference; lastKnownFileType = sourcecode.swift; path = Constant.swift; sourceTree = "<group>"; };
		E430ADA924FB04570061787E /* UIImage+imageFromService.swift */ = {isa = PBXFileReference; lastKnownFileType = sourcecode.swift; path = "UIImage+imageFromService.swift"; sourceTree = "<group>"; };
		E45FB94824F95CC3008CCE61 /* Storyboard+extension.swift */ = {isa = PBXFileReference; lastKnownFileType = sourcecode.swift; path = "Storyboard+extension.swift"; sourceTree = "<group>"; };
		E45FB94A24F9860B008CCE61 /* HomeCustomCell.swift */ = {isa = PBXFileReference; lastKnownFileType = sourcecode.swift; path = HomeCustomCell.swift; sourceTree = "<group>"; };
		E45FB94B24F9860B008CCE61 /* HomeCustomCell.xib */ = {isa = PBXFileReference; lastKnownFileType = file.xib; path = HomeCustomCell.xib; sourceTree = "<group>"; };
		E4E34BD424F8A21B00ED251D /* ManagerConnnection.swift */ = {isa = PBXFileReference; lastKnownFileType = sourcecode.swift; path = ManagerConnnection.swift; sourceTree = "<group>"; };
		E4E34BD624F8A2D900ED251D /* Movies.swift */ = {isa = PBXFileReference; lastKnownFileType = sourcecode.swift; name = Movies.swift; path = "MVVM-MoviesApp/Interactor/Movies.swift"; sourceTree = SOURCE_ROOT; };
		FE26A05BDBE3CAF9495820FC /* Pods_MVVM_MoviesApp_MVVM_MoviesAppUITests.framework */ = {isa = PBXFileReference; explicitFileType = wrapper.framework; includeInIndex = 0; path = Pods_MVVM_MoviesApp_MVVM_MoviesAppUITests.framework; sourceTree = BUILT_PRODUCTS_DIR; };
/* End PBXFileReference section */

/* Begin PBXFrameworksBuildPhase section */
		CD804B8C24F85337008E37C1 /* Frameworks */ = {
			isa = PBXFrameworksBuildPhase;
			buildActionMask = 2147483647;
			files = (
				4D9D5C2D30BB0556B9A86484 /* Pods_MVVM_MoviesApp.framework in Frameworks */,
			);
			runOnlyForDeploymentPostprocessing = 0;
		};
		CD804BA224F85339008E37C1 /* Frameworks */ = {
			isa = PBXFrameworksBuildPhase;
			buildActionMask = 2147483647;
			files = (
				D56B17B9C5F79B17967562D5 /* Pods_MVVM_MoviesApp_MVVM_MoviesAppUITests.framework in Frameworks */,
			);
			runOnlyForDeploymentPostprocessing = 0;
		};
/* End PBXFrameworksBuildPhase section */

/* Begin PBXGroup section */
		723BDA629D5C279C23BCB0C2 /* Pods */ = {
			isa = PBXGroup;
			children = (
				C256F4CB5280E44B3DD0DF9C /* Pods-MVVM-MoviesApp.debug.xcconfig */,
				AEAC87961E4F912A2A01A676 /* Pods-MVVM-MoviesApp.release.xcconfig */,
				00FC0418974C87FFF6D54CF9 /* Pods-MVVM-MoviesApp-MVVM-MoviesAppUITests.debug.xcconfig */,
				7DD972964C339AD97677F2D2 /* Pods-MVVM-MoviesApp-MVVM-MoviesAppUITests.release.xcconfig */,
			);
			path = Pods;
			sourceTree = "<group>";
		};
		CD804B8624F85337008E37C1 = {
			isa = PBXGroup;
			children = (
				CD804B9124F85337008E37C1 /* MVVM-MoviesApp */,
				CD804BA824F85339008E37C1 /* MVVM-MoviesAppUITests */,
				CD804B9024F85337008E37C1 /* Products */,
				723BDA629D5C279C23BCB0C2 /* Pods */,
				F71A380D0B0583D4DC626DFB /* Frameworks */,
			);
			sourceTree = "<group>";
		};
		CD804B9024F85337008E37C1 /* Products */ = {
			isa = PBXGroup;
			children = (
				CD804B8F24F85337008E37C1 /* MVVM-MoviesApp.app */,
				CD804BA524F85339008E37C1 /* MVVM-MoviesAppUITests.xctest */,
			);
			name = Products;
			sourceTree = "<group>";
		};
		CD804B9124F85337008E37C1 /* MVVM-MoviesApp */ = {
			isa = PBXGroup;
			children = (
				CD804B9224F85337008E37C1 /* AppDelegate.swift */,
				CD804B9424F85337008E37C1 /* SceneDelegate.swift */,
				E4E34BD324F8A1FA00ED251D /* Interactor */,
				CD804BC224F86A90008E37C1 /* Source */,
				CD804BB524F85365008E37C1 /* DetailView */,
				CD804BB424F85341008E37C1 /* Home */,
				CD804B9B24F85339008E37C1 /* Assets.xcassets */,
				CD804B9D24F85339008E37C1 /* LaunchScreen.storyboard */,
				CD804BA024F85339008E37C1 /* Info.plist */,
			);
			path = "MVVM-MoviesApp";
			sourceTree = "<group>";
		};
		CD804BA824F85339008E37C1 /* MVVM-MoviesAppUITests */ = {
			isa = PBXGroup;
			children = (
				CD804BA924F85339008E37C1 /* MVVM_MoviesAppUITests.swift */,
				CD804BAB24F85339008E37C1 /* Info.plist */,
			);
			path = "MVVM-MoviesAppUITests";
			sourceTree = "<group>";
		};
		CD804BB424F85341008E37C1 /* Home */ = {
			isa = PBXGroup;
			children = (
				CD804BBA24F8545E008E37C1 /* View */,
				CD804BBF24F8575D008E37C1 /* Model */,
				CD804BBE24F85748008E37C1 /* ViewModel */,
				CD804BBD24F85474008E37C1 /* Router */,
			);
			path = Home;
			sourceTree = "<group>";
		};
		CD804BB524F85365008E37C1 /* DetailView */ = {
			isa = PBXGroup;
			children = (
			);
			path = DetailView;
			sourceTree = "<group>";
		};
		CD804BBA24F8545E008E37C1 /* View */ = {
			isa = PBXGroup;
			children = (
				CD804BB624F8540C008E37C1 /* HomeView.swift */,
				CD804BB724F8540C008E37C1 /* HomeView.xib */,
				E45FB94A24F9860B008CCE61 /* HomeCustomCell.swift */,
				E45FB94B24F9860B008CCE61 /* HomeCustomCell.xib */,
			);
			path = View;
			sourceTree = "<group>";
		};
		CD804BBD24F85474008E37C1 /* Router */ = {
			isa = PBXGroup;
			children = (
				CD804BBB24F85470008E37C1 /* HomeRouter.swift */,
			);
			path = Router;
			sourceTree = "<group>";
		};
		CD804BBE24F85748008E37C1 /* ViewModel */ = {
			isa = PBXGroup;
			children = (
				CD804BC024F8577D008E37C1 /* HomeViewModel.swift */,
			);
			path = ViewModel;
			sourceTree = "<group>";
		};
		CD804BBF24F8575D008E37C1 /* Model */ = {
			isa = PBXGroup;
			children = (
				E4E34BD624F8A2D900ED251D /* Movies.swift */,
			);
			path = Model;
			sourceTree = "<group>";
		};
		CD804BC224F86A90008E37C1 /* Source */ = {
			isa = PBXGroup;
			children = (
				CD804BC324F86A9C008E37C1 /* Constant.swift */,
				E45FB94824F95CC3008CCE61 /* Storyboard+extension.swift */,
				E430ADA924FB04570061787E /* UIImage+imageFromService.swift */,
			);
			path = Source;
			sourceTree = "<group>";
		};
		E4E34BD324F8A1FA00ED251D /* Interactor */ = {
			isa = PBXGroup;
			children = (
				E4E34BD424F8A21B00ED251D /* ManagerConnnection.swift */,
			);
			path = Interactor;
			sourceTree = "<group>";
		};
		F71A380D0B0583D4DC626DFB /* Frameworks */ = {
			isa = PBXGroup;
			children = (
				031441A66CAE030CF5AF2F73 /* Pods_MVVM_MoviesApp.framework */,
				FE26A05BDBE3CAF9495820FC /* Pods_MVVM_MoviesApp_MVVM_MoviesAppUITests.framework */,
			);
			name = Frameworks;
			sourceTree = "<group>";
		};
/* End PBXGroup section */

/* Begin PBXNativeTarget section */
		CD804B8E24F85337008E37C1 /* MVVM-MoviesApp */ = {
			isa = PBXNativeTarget;
			buildConfigurationList = CD804BAE24F85339008E37C1 /* Build configuration list for PBXNativeTarget "MVVM-MoviesApp" */;
			buildPhases = (
				9D1555043C58D9E234C48D36 /* [CP] Check Pods Manifest.lock */,
				CD804B8B24F85337008E37C1 /* Sources */,
				CD804B8C24F85337008E37C1 /* Frameworks */,
				CD804B8D24F85337008E37C1 /* Resources */,
				3F6F56B3BA9FE091D0A55008 /* [CP] Embed Pods Frameworks */,
			);
			buildRules = (
			);
			dependencies = (
			);
			name = "MVVM-MoviesApp";
			productName = "MVVM-MoviesApp";
			productReference = CD804B8F24F85337008E37C1 /* MVVM-MoviesApp.app */;
			productType = "com.apple.product-type.application";
		};
		CD804BA424F85339008E37C1 /* MVVM-MoviesAppUITests */ = {
			isa = PBXNativeTarget;
			buildConfigurationList = CD804BB124F85339008E37C1 /* Build configuration list for PBXNativeTarget "MVVM-MoviesAppUITests" */;
			buildPhases = (
				508C457F64DA7FBBFB947A72 /* [CP] Check Pods Manifest.lock */,
				CD804BA124F85339008E37C1 /* Sources */,
				CD804BA224F85339008E37C1 /* Frameworks */,
				CD804BA324F85339008E37C1 /* Resources */,
				F573C1FC361A2C51C47BDB8F /* [CP] Embed Pods Frameworks */,
			);
			buildRules = (
			);
			dependencies = (
				CD804BA724F85339008E37C1 /* PBXTargetDependency */,
			);
			name = "MVVM-MoviesAppUITests";
			productName = "MVVM-MoviesAppUITests";
			productReference = CD804BA524F85339008E37C1 /* MVVM-MoviesAppUITests.xctest */;
			productType = "com.apple.product-type.bundle.ui-testing";
		};
/* End PBXNativeTarget section */

/* Begin PBXProject section */
		CD804B8724F85337008E37C1 /* Project object */ = {
			isa = PBXProject;
			attributes = {
				LastSwiftUpdateCheck = 1130;
				LastUpgradeCheck = 1130;
				ORGANIZATIONNAME = "Victor Hugo Benitez Bosques";
				TargetAttributes = {
					CD804B8E24F85337008E37C1 = {
						CreatedOnToolsVersion = 11.3.1;
					};
					CD804BA424F85339008E37C1 = {
						CreatedOnToolsVersion = 11.3.1;
						TestTargetID = CD804B8E24F85337008E37C1;
					};
				};
			};
			buildConfigurationList = CD804B8A24F85337008E37C1 /* Build configuration list for PBXProject "MVVM-MoviesApp" */;
			compatibilityVersion = "Xcode 9.3";
			developmentRegion = en;
			hasScannedForEncodings = 0;
			knownRegions = (
				en,
				Base,
			);
			mainGroup = CD804B8624F85337008E37C1;
			productRefGroup = CD804B9024F85337008E37C1 /* Products */;
			projectDirPath = "";
			projectRoot = "";
			targets = (
				CD804B8E24F85337008E37C1 /* MVVM-MoviesApp */,
				CD804BA424F85339008E37C1 /* MVVM-MoviesAppUITests */,
			);
		};
/* End PBXProject section */

/* Begin PBXResourcesBuildPhase section */
		CD804B8D24F85337008E37C1 /* Resources */ = {
			isa = PBXResourcesBuildPhase;
			buildActionMask = 2147483647;
			files = (
				CD804B9F24F85339008E37C1 /* LaunchScreen.storyboard in Resources */,
				CD804B9C24F85339008E37C1 /* Assets.xcassets in Resources */,
				CD804BB924F8540C008E37C1 /* HomeView.xib in Resources */,
				E45FB94D24F9860B008CCE61 /* HomeCustomCell.xib in Resources */,
			);
			runOnlyForDeploymentPostprocessing = 0;
		};
		CD804BA324F85339008E37C1 /* Resources */ = {
			isa = PBXResourcesBuildPhase;
			buildActionMask = 2147483647;
			files = (
			);
			runOnlyForDeploymentPostprocessing = 0;
		};
/* End PBXResourcesBuildPhase section */

/* Begin PBXShellScriptBuildPhase section */
		3F6F56B3BA9FE091D0A55008 /* [CP] Embed Pods Frameworks */ = {
			isa = PBXShellScriptBuildPhase;
			buildActionMask = 2147483647;
			files = (
			);
			inputFileListPaths = (
				"${PODS_ROOT}/Target Support Files/Pods-MVVM-MoviesApp/Pods-MVVM-MoviesApp-frameworks-${CONFIGURATION}-input-files.xcfilelist",
			);
			name = "[CP] Embed Pods Frameworks";
			outputFileListPaths = (
				"${PODS_ROOT}/Target Support Files/Pods-MVVM-MoviesApp/Pods-MVVM-MoviesApp-frameworks-${CONFIGURATION}-output-files.xcfilelist",
			);
			runOnlyForDeploymentPostprocessing = 0;
			shellPath = /bin/sh;
			shellScript = "\"${PODS_ROOT}/Target Support Files/Pods-MVVM-MoviesApp/Pods-MVVM-MoviesApp-frameworks.sh\"\n";
			showEnvVarsInLog = 0;
		};
		508C457F64DA7FBBFB947A72 /* [CP] Check Pods Manifest.lock */ = {
			isa = PBXShellScriptBuildPhase;
			buildActionMask = 2147483647;
			files = (
			);
			inputFileListPaths = (
			);
			inputPaths = (
				"${PODS_PODFILE_DIR_PATH}/Podfile.lock",
				"${PODS_ROOT}/Manifest.lock",
			);
			name = "[CP] Check Pods Manifest.lock";
			outputFileListPaths = (
			);
			outputPaths = (
				"$(DERIVED_FILE_DIR)/Pods-MVVM-MoviesApp-MVVM-MoviesAppUITests-checkManifestLockResult.txt",
			);
			runOnlyForDeploymentPostprocessing = 0;
			shellPath = /bin/sh;
			shellScript = "diff \"${PODS_PODFILE_DIR_PATH}/Podfile.lock\" \"${PODS_ROOT}/Manifest.lock\" > /dev/null\nif [ $? != 0 ] ; then\n    # print error to STDERR\n    echo \"error: The sandbox is not in sync with the Podfile.lock. Run 'pod install' or update your CocoaPods installation.\" >&2\n    exit 1\nfi\n# This output is used by Xcode 'outputs' to avoid re-running this script phase.\necho \"SUCCESS\" > \"${SCRIPT_OUTPUT_FILE_0}\"\n";
			showEnvVarsInLog = 0;
		};
		9D1555043C58D9E234C48D36 /* [CP] Check Pods Manifest.lock */ = {
			isa = PBXShellScriptBuildPhase;
			buildActionMask = 2147483647;
			files = (
			);
			inputFileListPaths = (
			);
			inputPaths = (
				"${PODS_PODFILE_DIR_PATH}/Podfile.lock",
				"${PODS_ROOT}/Manifest.lock",
			);
			name = "[CP] Check Pods Manifest.lock";
			outputFileListPaths = (
			);
			outputPaths = (
				"$(DERIVED_FILE_DIR)/Pods-MVVM-MoviesApp-checkManifestLockResult.txt",
			);
			runOnlyForDeploymentPostprocessing = 0;
			shellPath = /bin/sh;
			shellScript = "diff \"${PODS_PODFILE_DIR_PATH}/Podfile.lock\" \"${PODS_ROOT}/Manifest.lock\" > /dev/null\nif [ $? != 0 ] ; then\n    # print error to STDERR\n    echo \"error: The sandbox is not in sync with the Podfile.lock. Run 'pod install' or update your CocoaPods installation.\" >&2\n    exit 1\nfi\n# This output is used by Xcode 'outputs' to avoid re-running this script phase.\necho \"SUCCESS\" > \"${SCRIPT_OUTPUT_FILE_0}\"\n";
			showEnvVarsInLog = 0;
		};
		F573C1FC361A2C51C47BDB8F /* [CP] Embed Pods Frameworks */ = {
			isa = PBXShellScriptBuildPhase;
			buildActionMask = 2147483647;
			files = (
			);
			inputFileListPaths = (
				"${PODS_ROOT}/Target Support Files/Pods-MVVM-MoviesApp-MVVM-MoviesAppUITests/Pods-MVVM-MoviesApp-MVVM-MoviesAppUITests-frameworks-${CONFIGURATION}-input-files.xcfilelist",
			);
			name = "[CP] Embed Pods Frameworks";
			outputFileListPaths = (
				"${PODS_ROOT}/Target Support Files/Pods-MVVM-MoviesApp-MVVM-MoviesAppUITests/Pods-MVVM-MoviesApp-MVVM-MoviesAppUITests-frameworks-${CONFIGURATION}-output-files.xcfilelist",
			);
			runOnlyForDeploymentPostprocessing = 0;
			shellPath = /bin/sh;
			shellScript = "\"${PODS_ROOT}/Target Support Files/Pods-MVVM-MoviesApp-MVVM-MoviesAppUITests/Pods-MVVM-MoviesApp-MVVM-MoviesAppUITests-frameworks.sh\"\n";
			showEnvVarsInLog = 0;
		};
/* End PBXShellScriptBuildPhase section */

/* Begin PBXSourcesBuildPhase section */
		CD804B8B24F85337008E37C1 /* Sources */ = {
			isa = PBXSourcesBuildPhase;
			buildActionMask = 2147483647;
			files = (
				CD804BC424F86A9C008E37C1 /* Constant.swift in Sources */,
				E45FB94C24F9860B008CCE61 /* HomeCustomCell.swift in Sources */,
				CD804BC124F8577D008E37C1 /* HomeViewModel.swift in Sources */,
				CD804BB824F8540C008E37C1 /* HomeView.swift in Sources */,
				E430ADAA24FB04570061787E /* UIImage+imageFromService.swift in Sources */,
				E4E34BD524F8A21B00ED251D /* ManagerConnnection.swift in Sources */,
				E4E34BD724F8A2DA00ED251D /* Movies.swift in Sources */,
				CD804B9324F85337008E37C1 /* AppDelegate.swift in Sources */,
				CD804B9524F85337008E37C1 /* SceneDelegate.swift in Sources */,
				CD804BBC24F85470008E37C1 /* HomeRouter.swift in Sources */,
				E45FB94924F95CC3008CCE61 /* Storyboard+extension.swift in Sources */,
			);
			runOnlyForDeploymentPostprocessing = 0;
		};
		CD804BA124F85339008E37C1 /* Sources */ = {
			isa = PBXSourcesBuildPhase;
			buildActionMask = 2147483647;
			files = (
				CD804BAA24F85339008E37C1 /* MVVM_MoviesAppUITests.swift in Sources */,
			);
			runOnlyForDeploymentPostprocessing = 0;
		};
/* End PBXSourcesBuildPhase section */

/* Begin PBXTargetDependency section */
		CD804BA724F85339008E37C1 /* PBXTargetDependency */ = {
			isa = PBXTargetDependency;
			target = CD804B8E24F85337008E37C1 /* MVVM-MoviesApp */;
			targetProxy = CD804BA624F85339008E37C1 /* PBXContainerItemProxy */;
		};
/* End PBXTargetDependency section */

/* Begin PBXVariantGroup section */
		CD804B9D24F85339008E37C1 /* LaunchScreen.storyboard */ = {
			isa = PBXVariantGroup;
			children = (
				CD804B9E24F85339008E37C1 /* Base */,
			);
			name = LaunchScreen.storyboard;
			sourceTree = "<group>";
		};
/* End PBXVariantGroup section */

/* Begin XCBuildConfiguration section */
		CD804BAC24F85339008E37C1 /* Debug */ = {
			isa = XCBuildConfiguration;
			buildSettings = {
				ALWAYS_SEARCH_USER_PATHS = NO;
				CLANG_ANALYZER_NONNULL = YES;
				CLANG_ANALYZER_NUMBER_OBJECT_CONVERSION = YES_AGGRESSIVE;
				CLANG_CXX_LANGUAGE_STANDARD = "gnu++14";
				CLANG_CXX_LIBRARY = "libc++";
				CLANG_ENABLE_MODULES = YES;
				CLANG_ENABLE_OBJC_ARC = YES;
				CLANG_ENABLE_OBJC_WEAK = YES;
				CLANG_WARN_BLOCK_CAPTURE_AUTORELEASING = YES;
				CLANG_WARN_BOOL_CONVERSION = YES;
				CLANG_WARN_COMMA = YES;
				CLANG_WARN_CONSTANT_CONVERSION = YES;
				CLANG_WARN_DEPRECATED_OBJC_IMPLEMENTATIONS = YES;
				CLANG_WARN_DIRECT_OBJC_ISA_USAGE = YES_ERROR;
				CLANG_WARN_DOCUMENTATION_COMMENTS = YES;
				CLANG_WARN_EMPTY_BODY = YES;
				CLANG_WARN_ENUM_CONVERSION = YES;
				CLANG_WARN_INFINITE_RECURSION = YES;
				CLANG_WARN_INT_CONVERSION = YES;
				CLANG_WARN_NON_LITERAL_NULL_CONVERSION = YES;
				CLANG_WARN_OBJC_IMPLICIT_RETAIN_SELF = YES;
				CLANG_WARN_OBJC_LITERAL_CONVERSION = YES;
				CLANG_WARN_OBJC_ROOT_CLASS = YES_ERROR;
				CLANG_WARN_RANGE_LOOP_ANALYSIS = YES;
				CLANG_WARN_STRICT_PROTOTYPES = YES;
				CLANG_WARN_SUSPICIOUS_MOVE = YES;
				CLANG_WARN_UNGUARDED_AVAILABILITY = YES_AGGRESSIVE;
				CLANG_WARN_UNREACHABLE_CODE = YES;
				CLANG_WARN__DUPLICATE_METHOD_MATCH = YES;
				COPY_PHASE_STRIP = NO;
				DEBUG_INFORMATION_FORMAT = dwarf;
				ENABLE_STRICT_OBJC_MSGSEND = YES;
				ENABLE_TESTABILITY = YES;
				GCC_C_LANGUAGE_STANDARD = gnu11;
				GCC_DYNAMIC_NO_PIC = NO;
				GCC_NO_COMMON_BLOCKS = YES;
				GCC_OPTIMIZATION_LEVEL = 0;
				GCC_PREPROCESSOR_DEFINITIONS = (
					"DEBUG=1",
					"$(inherited)",
				);
				GCC_WARN_64_TO_32_BIT_CONVERSION = YES;
				GCC_WARN_ABOUT_RETURN_TYPE = YES_ERROR;
				GCC_WARN_UNDECLARED_SELECTOR = YES;
				GCC_WARN_UNINITIALIZED_AUTOS = YES_AGGRESSIVE;
				GCC_WARN_UNUSED_FUNCTION = YES;
				GCC_WARN_UNUSED_VARIABLE = YES;
				IPHONEOS_DEPLOYMENT_TARGET = 13.2;
				MTL_ENABLE_DEBUG_INFO = INCLUDE_SOURCE;
				MTL_FAST_MATH = YES;
				ONLY_ACTIVE_ARCH = YES;
				SDKROOT = iphoneos;
				SWIFT_ACTIVE_COMPILATION_CONDITIONS = DEBUG;
				SWIFT_OPTIMIZATION_LEVEL = "-Onone";
			};
			name = Debug;
		};
		CD804BAD24F85339008E37C1 /* Release */ = {
			isa = XCBuildConfiguration;
			buildSettings = {
				ALWAYS_SEARCH_USER_PATHS = NO;
				CLANG_ANALYZER_NONNULL = YES;
				CLANG_ANALYZER_NUMBER_OBJECT_CONVERSION = YES_AGGRESSIVE;
				CLANG_CXX_LANGUAGE_STANDARD = "gnu++14";
				CLANG_CXX_LIBRARY = "libc++";
				CLANG_ENABLE_MODULES = YES;
				CLANG_ENABLE_OBJC_ARC = YES;
				CLANG_ENABLE_OBJC_WEAK = YES;
				CLANG_WARN_BLOCK_CAPTURE_AUTORELEASING = YES;
				CLANG_WARN_BOOL_CONVERSION = YES;
				CLANG_WARN_COMMA = YES;
				CLANG_WARN_CONSTANT_CONVERSION = YES;
				CLANG_WARN_DEPRECATED_OBJC_IMPLEMENTATIONS = YES;
				CLANG_WARN_DIRECT_OBJC_ISA_USAGE = YES_ERROR;
				CLANG_WARN_DOCUMENTATION_COMMENTS = YES;
				CLANG_WARN_EMPTY_BODY = YES;
				CLANG_WARN_ENUM_CONVERSION = YES;
				CLANG_WARN_INFINITE_RECURSION = YES;
				CLANG_WARN_INT_CONVERSION = YES;
				CLANG_WARN_NON_LITERAL_NULL_CONVERSION = YES;
				CLANG_WARN_OBJC_IMPLICIT_RETAIN_SELF = YES;
				CLANG_WARN_OBJC_LITERAL_CONVERSION = YES;
				CLANG_WARN_OBJC_ROOT_CLASS = YES_ERROR;
				CLANG_WARN_RANGE_LOOP_ANALYSIS = YES;
				CLANG_WARN_STRICT_PROTOTYPES = YES;
				CLANG_WARN_SUSPICIOUS_MOVE = YES;
				CLANG_WARN_UNGUARDED_AVAILABILITY = YES_AGGRESSIVE;
				CLANG_WARN_UNREACHABLE_CODE = YES;
				CLANG_WARN__DUPLICATE_METHOD_MATCH = YES;
				COPY_PHASE_STRIP = NO;
				DEBUG_INFORMATION_FORMAT = "dwarf-with-dsym";
				ENABLE_NS_ASSERTIONS = NO;
				ENABLE_STRICT_OBJC_MSGSEND = YES;
				GCC_C_LANGUAGE_STANDARD = gnu11;
				GCC_NO_COMMON_BLOCKS = YES;
				GCC_WARN_64_TO_32_BIT_CONVERSION = YES;
				GCC_WARN_ABOUT_RETURN_TYPE = YES_ERROR;
				GCC_WARN_UNDECLARED_SELECTOR = YES;
				GCC_WARN_UNINITIALIZED_AUTOS = YES_AGGRESSIVE;
				GCC_WARN_UNUSED_FUNCTION = YES;
				GCC_WARN_UNUSED_VARIABLE = YES;
				IPHONEOS_DEPLOYMENT_TARGET = 13.2;
				MTL_ENABLE_DEBUG_INFO = NO;
				MTL_FAST_MATH = YES;
				SDKROOT = iphoneos;
				SWIFT_COMPILATION_MODE = wholemodule;
				SWIFT_OPTIMIZATION_LEVEL = "-O";
				VALIDATE_PRODUCT = YES;
			};
			name = Release;
		};
		CD804BAF24F85339008E37C1 /* Debug */ = {
			isa = XCBuildConfiguration;
			baseConfigurationReference = C256F4CB5280E44B3DD0DF9C /* Pods-MVVM-MoviesApp.debug.xcconfig */;
			buildSettings = {
				ASSETCATALOG_COMPILER_APPICON_NAME = AppIcon;
				CODE_SIGN_STYLE = Automatic;
				DEVELOPMENT_TEAM = 8Z723S6A3L;
				INFOPLIST_FILE = "MVVM-MoviesApp/Info.plist";
				LD_RUNPATH_SEARCH_PATHS = (
					"$(inherited)",
					"@executable_path/Frameworks",
				);
				PRODUCT_BUNDLE_IDENTIFIER = "com.bancoazteca.bancadigital.MVVM-MoviesApp";
				PRODUCT_NAME = "$(TARGET_NAME)";
				SWIFT_VERSION = 5.0;
				TARGETED_DEVICE_FAMILY = 1;
			};
			name = Debug;
		};
		CD804BB024F85339008E37C1 /* Release */ = {
			isa = XCBuildConfiguration;
			baseConfigurationReference = AEAC87961E4F912A2A01A676 /* Pods-MVVM-MoviesApp.release.xcconfig */;
			buildSettings = {
				ASSETCATALOG_COMPILER_APPICON_NAME = AppIcon;
				CODE_SIGN_STYLE = Automatic;
				DEVELOPMENT_TEAM = 8Z723S6A3L;
				INFOPLIST_FILE = "MVVM-MoviesApp/Info.plist";
				LD_RUNPATH_SEARCH_PATHS = (
					"$(inherited)",
					"@executable_path/Frameworks",
				);
				PRODUCT_BUNDLE_IDENTIFIER = "com.bancoazteca.bancadigital.MVVM-MoviesApp";
				PRODUCT_NAME = "$(TARGET_NAME)";
				SWIFT_VERSION = 5.0;
				TARGETED_DEVICE_FAMILY = 1;
			};
			name = Release;
		};
		CD804BB224F85339008E37C1 /* Debug */ = {
			isa = XCBuildConfiguration;
			baseConfigurationReference = 00FC0418974C87FFF6D54CF9 /* Pods-MVVM-MoviesApp-MVVM-MoviesAppUITests.debug.xcconfig */;
			buildSettings = {
				ALWAYS_EMBED_SWIFT_STANDARD_LIBRARIES = YES;
				CODE_SIGN_STYLE = Automatic;
				DEVELOPMENT_TEAM = 8Z723S6A3L;
				INFOPLIST_FILE = "MVVM-MoviesAppUITests/Info.plist";
				LD_RUNPATH_SEARCH_PATHS = (
					"$(inherited)",
					"@executable_path/Frameworks",
					"@loader_path/Frameworks",
				);
				PRODUCT_BUNDLE_IDENTIFIER = "com.bancoazteca.bancadigital.MVVM-MoviesAppUITests";
				PRODUCT_NAME = "$(TARGET_NAME)";
				SWIFT_VERSION = 5.0;
				TARGETED_DEVICE_FAMILY = "1,2";
				TEST_TARGET_NAME = "MVVM-MoviesApp";
			};
			name = Debug;
		};
		CD804BB324F85339008E37C1 /* Release */ = {
			isa = XCBuildConfiguration;
			baseConfigurationReference = 7DD972964C339AD97677F2D2 /* Pods-MVVM-MoviesApp-MVVM-MoviesAppUITests.release.xcconfig */;
			buildSettings = {
				ALWAYS_EMBED_SWIFT_STANDARD_LIBRARIES = YES;
				CODE_SIGN_STYLE = Automatic;
				DEVELOPMENT_TEAM = 8Z723S6A3L;
				INFOPLIST_FILE = "MVVM-MoviesAppUITests/Info.plist";
				LD_RUNPATH_SEARCH_PATHS = (
					"$(inherited)",
					"@executable_path/Frameworks",
					"@loader_path/Frameworks",
				);
				PRODUCT_BUNDLE_IDENTIFIER = "com.bancoazteca.bancadigital.MVVM-MoviesAppUITests";
				PRODUCT_NAME = "$(TARGET_NAME)";
				SWIFT_VERSION = 5.0;
				TARGETED_DEVICE_FAMILY = "1,2";
				TEST_TARGET_NAME = "MVVM-MoviesApp";
			};
			name = Release;
		};
/* End XCBuildConfiguration section */

/* Begin XCConfigurationList section */
		CD804B8A24F85337008E37C1 /* Build configuration list for PBXProject "MVVM-MoviesApp" */ = {
			isa = XCConfigurationList;
			buildConfigurations = (
				CD804BAC24F85339008E37C1 /* Debug */,
				CD804BAD24F85339008E37C1 /* Release */,
			);
			defaultConfigurationIsVisible = 0;
			defaultConfigurationName = Release;
		};
		CD804BAE24F85339008E37C1 /* Build configuration list for PBXNativeTarget "MVVM-MoviesApp" */ = {
			isa = XCConfigurationList;
			buildConfigurations = (
				CD804BAF24F85339008E37C1 /* Debug */,
				CD804BB024F85339008E37C1 /* Release */,
			);
			defaultConfigurationIsVisible = 0;
			defaultConfigurationName = Release;
		};
		CD804BB124F85339008E37C1 /* Build configuration list for PBXNativeTarget "MVVM-MoviesAppUITests" */ = {
			isa = XCConfigurationList;
			buildConfigurations = (
				CD804BB224F85339008E37C1 /* Debug */,
				CD804BB324F85339008E37C1 /* Release */,
			);
			defaultConfigurationIsVisible = 0;
			defaultConfigurationName = Release;
		};
/* End XCConfigurationList section */
	};
	rootObject = CD804B8724F85337008E37C1 /* Project object */;
}
